
Microsoft Visual Studio Solution File, Format Version 12.00
# Visual Studio 15
VisualStudioVersion = 15.0.27130.2036
MinimumVisualStudioVersion = 10.0.40219.1
Project("{FAE04EC0-301F-11D3-BF4B-00C04F79EFBC}") = "program1", "program\program1.csproj", "{BC7332B0-394D-4D1D-B695-017353614217}"
EndProject
Project("{FAE04EC0-301F-11D3-BF4B-00C04F79EFBC}") = "program2", "program2\program2.csproj", "{18C6AEA6-335D-45D9-A437-C723FE8B2593}"
EndProject
Global
	GlobalSection(SolutionConfigurationPlatforms) = preSolution
		Debug|Any CPU = Debug|Any CPU
		Release|Any CPU = Release|Any CPU
	EndGlobalSection
	GlobalSection(ProjectConfigurationPlatforms) = postSolution
		{BC7332B0-394D-4D1D-B695-017353614217}.Debug|Any CPU.ActiveCfg = Debug|Any CPU
		{BC7332B0-394D-4D1D-B695-017353614217}.Debug|Any CPU.Build.0 = Debug|Any CPU
		{BC7332B0-394D-4D1D-B695-017353614217}.Release|Any CPU.ActiveCfg = Release|Any CPU
		{BC7332B0-394D-4D1D-B695-017353614217}.Release|Any CPU.Build.0 = Release|Any CPU
		{18C6AEA6-335D-45D9-A437-C723FE8B2593}.Debug|Any CPU.ActiveCfg = Debug|Any CPU
		{18C6AEA6-335D-45D9-A437-C723FE8B2593}.Debug|Any CPU.Build.0 = Debug|Any CPU
		{18C6AEA6-335D-45D9-A437-C723FE8B2593}.Release|Any CPU.ActiveCfg = Release|Any CPU
		{18C6AEA6-335D-45D9-A437-C723FE8B2593}.Release|Any CPU.Build.0 = Release|Any CPU
	EndGlobalSection
	GlobalSection(SolutionProperties) = preSolution
		HideSolutionNode = FALSE
	EndGlobalSection
	GlobalSection(ExtensibilityGlobals) = postSolution
		SolutionGuid = {9E6DCD81-CAAE-4D88-B489-0C5228828A2E}
	EndGlobalSection
EndGlobal
